// !$*UTF8*$!
{
	archiveVersion = 1;
	classes = {
	};
	objectVersion = 46;
	objects = {

/* Begin PBXBuildFile section */
		346DC7281D43E7E2000B28F8 /* GoogleService-Info.plist in Resources */ = {isa = PBXBuildFile; fileRef = 346DC7271D43E7E2000B28F8 /* GoogleService-Info.plist */; };
		5AA97B1A946443783485C392 /* Pods_KingOfTheHill.framework in Frameworks */ = {isa = PBXBuildFile; fileRef = 8F5896F96C2EF476A5E712F2 /* Pods_KingOfTheHill.framework */; };
		65A3C84C1D43D05100E3DB78 /* AppDelegate.swift in Sources */ = {isa = PBXBuildFile; fileRef = 65A3C84B1D43D05100E3DB78 /* AppDelegate.swift */; };
		65A3C84E1D43D05100E3DB78 /* ViewController.swift in Sources */ = {isa = PBXBuildFile; fileRef = 65A3C84D1D43D05100E3DB78 /* ViewController.swift */; };
		65A3C8511D43D05100E3DB78 /* Main.storyboard in Resources */ = {isa = PBXBuildFile; fileRef = 65A3C84F1D43D05100E3DB78 /* Main.storyboard */; };
		65A3C8531D43D05100E3DB78 /* Assets.xcassets in Resources */ = {isa = PBXBuildFile; fileRef = 65A3C8521D43D05100E3DB78 /* Assets.xcassets */; };
		65A3C8561D43D05100E3DB78 /* LaunchScreen.storyboard in Resources */ = {isa = PBXBuildFile; fileRef = 65A3C8541D43D05100E3DB78 /* LaunchScreen.storyboard */; };
		65A3C8611D43D05100E3DB78 /* KingOfTheHillTests.swift in Sources */ = {isa = PBXBuildFile; fileRef = 65A3C8601D43D05100E3DB78 /* KingOfTheHillTests.swift */; };
		65A3C86C1D43D05100E3DB78 /* KingOfTheHillUITests.swift in Sources */ = {isa = PBXBuildFile; fileRef = 65A3C86B1D43D05100E3DB78 /* KingOfTheHillUITests.swift */; };
		65C90C5F1D43F46D007D6B73 /* ENSideMenu.swift in Sources */ = {isa = PBXBuildFile; fileRef = 65C90C5D1D43F46D007D6B73 /* ENSideMenu.swift */; };
		65C90C601D43F46D007D6B73 /* ENSideMenuNavigationController.swift in Sources */ = {isa = PBXBuildFile; fileRef = 65C90C5E1D43F46D007D6B73 /* ENSideMenuNavigationController.swift */; };
		65C90C621D43F748007D6B73 /* SideNavigationViewController.swift in Sources */ = {isa = PBXBuildFile; fileRef = 65C90C611D43F748007D6B73 /* SideNavigationViewController.swift */; };
		65C90C641D43F895007D6B73 /* menuTableTableViewController.swift in Sources */ = {isa = PBXBuildFile; fileRef = 65C90C631D43F895007D6B73 /* menuTableTableViewController.swift */; };
		65C90C661D4402D1007D6B73 /* SecondViewController.swift in Sources */ = {isa = PBXBuildFile; fileRef = 65C90C651D4402D1007D6B73 /* SecondViewController.swift */; };
		65C90C681D440C57007D6B73 /* ThirdViewController.swift in Sources */ = {isa = PBXBuildFile; fileRef = 65C90C671D440C57007D6B73 /* ThirdViewController.swift */; };
		65E3B67D1D441825005F4B33 /* MapKit.framework in Frameworks */ = {isa = PBXBuildFile; fileRef = 65E3B67C1D441825005F4B33 /* MapKit.framework */; };
		E465B5642F8DE31537FC9123 /* Pods_KingOfTheHillTests.framework in Frameworks */ = {isa = PBXBuildFile; fileRef = 98D0496D31A01D37D8D8C949 /* Pods_KingOfTheHillTests.framework */; };
		F929AE518AD0FABE3BD23D7D /* Pods_KingOfTheHillUITests.framework in Frameworks */ = {isa = PBXBuildFile; fileRef = 50C3CC14B8CB63A4C656F782 /* Pods_KingOfTheHillUITests.framework */; };
/* End PBXBuildFile section */

/* Begin PBXContainerItemProxy section */
		65A3C85D1D43D05100E3DB78 /* PBXContainerItemProxy */ = {
			isa = PBXContainerItemProxy;
			containerPortal = 65A3C8401D43D05100E3DB78 /* Project object */;
			proxyType = 1;
			remoteGlobalIDString = 65A3C8471D43D05100E3DB78;
			remoteInfo = KingOfTheHill;
		};
		65A3C8681D43D05100E3DB78 /* PBXContainerItemProxy */ = {
			isa = PBXContainerItemProxy;
			containerPortal = 65A3C8401D43D05100E3DB78 /* Project object */;
			proxyType = 1;
			remoteGlobalIDString = 65A3C8471D43D05100E3DB78;
			remoteInfo = KingOfTheHill;
		};
/* End PBXContainerItemProxy section */

/* Begin PBXFileReference section */
		22575ACDFE02C7CC6089608F /* Pods-KingOfTheHill.debug.xcconfig */ = {isa = PBXFileReference; includeInIndex = 1; lastKnownFileType = text.xcconfig; name = "Pods-KingOfTheHill.debug.xcconfig"; path = "Pods/Target Support Files/Pods-KingOfTheHill/Pods-KingOfTheHill.debug.xcconfig"; sourceTree = "<group>"; };
		346DC7271D43E7E2000B28F8 /* GoogleService-Info.plist */ = {isa = PBXFileReference; fileEncoding = 4; lastKnownFileType = text.plist.xml; path = "GoogleService-Info.plist"; sourceTree = "<group>"; };
		50C3CC14B8CB63A4C656F782 /* Pods_KingOfTheHillUITests.framework */ = {isa = PBXFileReference; explicitFileType = wrapper.framework; includeInIndex = 0; path = Pods_KingOfTheHillUITests.framework; sourceTree = BUILT_PRODUCTS_DIR; };
		65A3C8481D43D05100E3DB78 /* KingOfTheHill.app */ = {isa = PBXFileReference; explicitFileType = wrapper.application; includeInIndex = 0; path = KingOfTheHill.app; sourceTree = BUILT_PRODUCTS_DIR; };
		65A3C84B1D43D05100E3DB78 /* AppDelegate.swift */ = {isa = PBXFileReference; lastKnownFileType = sourcecode.swift; path = AppDelegate.swift; sourceTree = "<group>"; };
		65A3C84D1D43D05100E3DB78 /* ViewController.swift */ = {isa = PBXFileReference; lastKnownFileType = sourcecode.swift; path = ViewController.swift; sourceTree = "<group>"; };
		65A3C8501D43D05100E3DB78 /* Base */ = {isa = PBXFileReference; lastKnownFileType = file.storyboard; name = Base; path = Base.lproj/Main.storyboard; sourceTree = "<group>"; };
		65A3C8521D43D05100E3DB78 /* Assets.xcassets */ = {isa = PBXFileReference; lastKnownFileType = folder.assetcatalog; path = Assets.xcassets; sourceTree = "<group>"; };
		65A3C8551D43D05100E3DB78 /* Base */ = {isa = PBXFileReference; lastKnownFileType = file.storyboard; name = Base; path = Base.lproj/LaunchScreen.storyboard; sourceTree = "<group>"; };
		65A3C8571D43D05100E3DB78 /* Info.plist */ = {isa = PBXFileReference; lastKnownFileType = text.plist.xml; path = Info.plist; sourceTree = "<group>"; };
		65A3C85C1D43D05100E3DB78 /* KingOfTheHillTests.xctest */ = {isa = PBXFileReference; explicitFileType = wrapper.cfbundle; includeInIndex = 0; path = KingOfTheHillTests.xctest; sourceTree = BUILT_PRODUCTS_DIR; };
		65A3C8601D43D05100E3DB78 /* KingOfTheHillTests.swift */ = {isa = PBXFileReference; lastKnownFileType = sourcecode.swift; path = KingOfTheHillTests.swift; sourceTree = "<group>"; };
		65A3C8621D43D05100E3DB78 /* Info.plist */ = {isa = PBXFileReference; lastKnownFileType = text.plist.xml; path = Info.plist; sourceTree = "<group>"; };
		65A3C8671D43D05100E3DB78 /* KingOfTheHillUITests.xctest */ = {isa = PBXFileReference; explicitFileType = wrapper.cfbundle; includeInIndex = 0; path = KingOfTheHillUITests.xctest; sourceTree = BUILT_PRODUCTS_DIR; };
		65A3C86B1D43D05100E3DB78 /* KingOfTheHillUITests.swift */ = {isa = PBXFileReference; lastKnownFileType = sourcecode.swift; path = KingOfTheHillUITests.swift; sourceTree = "<group>"; };
		65A3C86D1D43D05100E3DB78 /* Info.plist */ = {isa = PBXFileReference; lastKnownFileType = text.plist.xml; path = Info.plist; sourceTree = "<group>"; };
		65C90C5D1D43F46D007D6B73 /* ENSideMenu.swift */ = {isa = PBXFileReference; fileEncoding = 4; lastKnownFileType = sourcecode.swift; path = ENSideMenu.swift; sourceTree = "<group>"; };
		65C90C5E1D43F46D007D6B73 /* ENSideMenuNavigationController.swift */ = {isa = PBXFileReference; fileEncoding = 4; lastKnownFileType = sourcecode.swift; path = ENSideMenuNavigationController.swift; sourceTree = "<group>"; };
		65C90C611D43F748007D6B73 /* SideNavigationViewController.swift */ = {isa = PBXFileReference; fileEncoding = 4; lastKnownFileType = sourcecode.swift; path = SideNavigationViewController.swift; sourceTree = "<group>"; };
		65C90C631D43F895007D6B73 /* menuTableTableViewController.swift */ = {isa = PBXFileReference; fileEncoding = 4; lastKnownFileType = sourcecode.swift; path = menuTableTableViewController.swift; sourceTree = "<group>"; };
		65C90C651D4402D1007D6B73 /* SecondViewController.swift */ = {isa = PBXFileReference; fileEncoding = 4; lastKnownFileType = sourcecode.swift; path = SecondViewController.swift; sourceTree = "<group>"; };
		65C90C671D440C57007D6B73 /* ThirdViewController.swift */ = {isa = PBXFileReference; fileEncoding = 4; lastKnownFileType = sourcecode.swift; path = ThirdViewController.swift; sourceTree = "<group>"; };
		65E3B67C1D441825005F4B33 /* MapKit.framework */ = {isa = PBXFileReference; lastKnownFileType = wrapper.framework; name = MapKit.framework; path = System/Library/Frameworks/MapKit.framework; sourceTree = SDKROOT; };
		71B40B824757693C34B20735 /* Pods-KingOfTheHill.release.xcconfig */ = {isa = PBXFileReference; includeInIndex = 1; lastKnownFileType = text.xcconfig; name = "Pods-KingOfTheHill.release.xcconfig"; path = "Pods/Target Support Files/Pods-KingOfTheHill/Pods-KingOfTheHill.release.xcconfig"; sourceTree = "<group>"; };
		8F5896F96C2EF476A5E712F2 /* Pods_KingOfTheHill.framework */ = {isa = PBXFileReference; explicitFileType = wrapper.framework; includeInIndex = 0; path = Pods_KingOfTheHill.framework; sourceTree = BUILT_PRODUCTS_DIR; };
		98D0496D31A01D37D8D8C949 /* Pods_KingOfTheHillTests.framework */ = {isa = PBXFileReference; explicitFileType = wrapper.framework; includeInIndex = 0; path = Pods_KingOfTheHillTests.framework; sourceTree = BUILT_PRODUCTS_DIR; };
		BAA662CB404C006D09597BED /* Pods-KingOfTheHillTests.release.xcconfig */ = {isa = PBXFileReference; includeInIndex = 1; lastKnownFileType = text.xcconfig; name = "Pods-KingOfTheHillTests.release.xcconfig"; path = "Pods/Target Support Files/Pods-KingOfTheHillTests/Pods-KingOfTheHillTests.release.xcconfig"; sourceTree = "<group>"; };
		BEA3D77D01AE52B79BDE857C /* Pods-KingOfTheHillUITests.release.xcconfig */ = {isa = PBXFileReference; includeInIndex = 1; lastKnownFileType = text.xcconfig; name = "Pods-KingOfTheHillUITests.release.xcconfig"; path = "Pods/Target Support Files/Pods-KingOfTheHillUITests/Pods-KingOfTheHillUITests.release.xcconfig"; sourceTree = "<group>"; };
		CAB80DC5CC8D961A2B4C7447 /* Pods-KingOfTheHillTests.debug.xcconfig */ = {isa = PBXFileReference; includeInIndex = 1; lastKnownFileType = text.xcconfig; name = "Pods-KingOfTheHillTests.debug.xcconfig"; path = "Pods/Target Support Files/Pods-KingOfTheHillTests/Pods-KingOfTheHillTests.debug.xcconfig"; sourceTree = "<group>"; };
		EE843FDEA4BE243C9F0AE8E6 /* Pods-KingOfTheHillUITests.debug.xcconfig */ = {isa = PBXFileReference; includeInIndex = 1; lastKnownFileType = text.xcconfig; name = "Pods-KingOfTheHillUITests.debug.xcconfig"; path = "Pods/Target Support Files/Pods-KingOfTheHillUITests/Pods-KingOfTheHillUITests.debug.xcconfig"; sourceTree = "<group>"; };
/* End PBXFileReference section */

/* Begin PBXFrameworksBuildPhase section */
		65A3C8451D43D05100E3DB78 /* Frameworks */ = {
			isa = PBXFrameworksBuildPhase;
			buildActionMask = 2147483647;
			files = (
				65E3B67D1D441825005F4B33 /* MapKit.framework in Frameworks */,
				5AA97B1A946443783485C392 /* Pods_KingOfTheHill.framework in Frameworks */,
			);
			runOnlyForDeploymentPostprocessing = 0;
		};
		65A3C8591D43D05100E3DB78 /* Frameworks */ = {
			isa = PBXFrameworksBuildPhase;
			buildActionMask = 2147483647;
			files = (
				E465B5642F8DE31537FC9123 /* Pods_KingOfTheHillTests.framework in Frameworks */,
			);
			runOnlyForDeploymentPostprocessing = 0;
		};
		65A3C8641D43D05100E3DB78 /* Frameworks */ = {
			isa = PBXFrameworksBuildPhase;
			buildActionMask = 2147483647;
			files = (
				F929AE518AD0FABE3BD23D7D /* Pods_KingOfTheHillUITests.framework in Frameworks */,
			);
			runOnlyForDeploymentPostprocessing = 0;
		};
/* End PBXFrameworksBuildPhase section */

/* Begin PBXGroup section */
		65A3C83F1D43D05100E3DB78 = {
			isa = PBXGroup;
			children = (
				65A3C84A1D43D05100E3DB78 /* KingOfTheHill */,
				65A3C85F1D43D05100E3DB78 /* KingOfTheHillTests */,
				65A3C86A1D43D05100E3DB78 /* KingOfTheHillUITests */,
				65A3C8491D43D05100E3DB78 /* Products */,
				D1BA71C6EF6477077A578746 /* Pods */,
				74F49D04FF3F68CA27251162 /* Frameworks */,
			);
			sourceTree = "<group>";
		};
		65A3C8491D43D05100E3DB78 /* Products */ = {
			isa = PBXGroup;
			children = (
				65A3C8481D43D05100E3DB78 /* KingOfTheHill.app */,
				65A3C85C1D43D05100E3DB78 /* KingOfTheHillTests.xctest */,
				65A3C8671D43D05100E3DB78 /* KingOfTheHillUITests.xctest */,
			);
			name = Products;
			sourceTree = "<group>";
		};
		65A3C84A1D43D05100E3DB78 /* KingOfTheHill */ = {
			isa = PBXGroup;
			children = (
				65A3C84B1D43D05100E3DB78 /* AppDelegate.swift */,
				65A3C84D1D43D05100E3DB78 /* ViewController.swift */,
				65C90C611D43F748007D6B73 /* SideNavigationViewController.swift */,
				65A3C84F1D43D05100E3DB78 /* Main.storyboard */,
				65C90C671D440C57007D6B73 /* ThirdViewController.swift */,
				65C90C651D4402D1007D6B73 /* SecondViewController.swift */,
				65C90C631D43F895007D6B73 /* menuTableTableViewController.swift */,
				65A3C8521D43D05100E3DB78 /* Assets.xcassets */,
				65A3C8541D43D05100E3DB78 /* LaunchScreen.storyboard */,
				65A3C8571D43D05100E3DB78 /* Info.plist */,
				346DC7271D43E7E2000B28F8 /* GoogleService-Info.plist */,
				65C90C5D1D43F46D007D6B73 /* ENSideMenu.swift */,
				65C90C5E1D43F46D007D6B73 /* ENSideMenuNavigationController.swift */,
			);
			path = KingOfTheHill;
			sourceTree = "<group>";
		};
		65A3C85F1D43D05100E3DB78 /* KingOfTheHillTests */ = {
			isa = PBXGroup;
			children = (
				65A3C8601D43D05100E3DB78 /* KingOfTheHillTests.swift */,
				65A3C8621D43D05100E3DB78 /* Info.plist */,
			);
			path = KingOfTheHillTests;
			sourceTree = "<group>";
		};
		65A3C86A1D43D05100E3DB78 /* KingOfTheHillUITests */ = {
			isa = PBXGroup;
			children = (
				65A3C86B1D43D05100E3DB78 /* KingOfTheHillUITests.swift */,
				65A3C86D1D43D05100E3DB78 /* Info.plist */,
			);
			path = KingOfTheHillUITests;
			sourceTree = "<group>";
		};
		74F49D04FF3F68CA27251162 /* Frameworks */ = {
			isa = PBXGroup;
			children = (
				65E3B67C1D441825005F4B33 /* MapKit.framework */,
				8F5896F96C2EF476A5E712F2 /* Pods_KingOfTheHill.framework */,
				98D0496D31A01D37D8D8C949 /* Pods_KingOfTheHillTests.framework */,
				50C3CC14B8CB63A4C656F782 /* Pods_KingOfTheHillUITests.framework */,
			);
			name = Frameworks;
			sourceTree = "<group>";
		};
		D1BA71C6EF6477077A578746 /* Pods */ = {
			isa = PBXGroup;
			children = (
				22575ACDFE02C7CC6089608F /* Pods-KingOfTheHill.debug.xcconfig */,
				71B40B824757693C34B20735 /* Pods-KingOfTheHill.release.xcconfig */,
				CAB80DC5CC8D961A2B4C7447 /* Pods-KingOfTheHillTests.debug.xcconfig */,
				BAA662CB404C006D09597BED /* Pods-KingOfTheHillTests.release.xcconfig */,
				EE843FDEA4BE243C9F0AE8E6 /* Pods-KingOfTheHillUITests.debug.xcconfig */,
				BEA3D77D01AE52B79BDE857C /* Pods-KingOfTheHillUITests.release.xcconfig */,
			);
			name = Pods;
			sourceTree = "<group>";
		};
/* End PBXGroup section */

/* Begin PBXNativeTarget section */
		65A3C8471D43D05100E3DB78 /* KingOfTheHill */ = {
			isa = PBXNativeTarget;
			buildConfigurationList = 65A3C8701D43D05100E3DB78 /* Build configuration list for PBXNativeTarget "KingOfTheHill" */;
			buildPhases = (
				84F5DB1D296ED54F2217D5CB /* [CP] Check Pods Manifest.lock */,
				65A3C8441D43D05100E3DB78 /* Sources */,
				65A3C8451D43D05100E3DB78 /* Frameworks */,
				65A3C8461D43D05100E3DB78 /* Resources */,
				D6A577EF28BFB5BAFC269182 /* [CP] Embed Pods Frameworks */,
				CFA5B02950B71CD815D73AE7 /* [CP] Copy Pods Resources */,
			);
			buildRules = (
			);
			dependencies = (
			);
			name = KingOfTheHill;
			productName = KingOfTheHill;
			productReference = 65A3C8481D43D05100E3DB78 /* KingOfTheHill.app */;
			productType = "com.apple.product-type.application";
		};
		65A3C85B1D43D05100E3DB78 /* KingOfTheHillTests */ = {
			isa = PBXNativeTarget;
			buildConfigurationList = 65A3C8731D43D05100E3DB78 /* Build configuration list for PBXNativeTarget "KingOfTheHillTests" */;
			buildPhases = (
				19DDA19265C89DD1552A1A35 /* [CP] Check Pods Manifest.lock */,
				65A3C8581D43D05100E3DB78 /* Sources */,
				65A3C8591D43D05100E3DB78 /* Frameworks */,
				65A3C85A1D43D05100E3DB78 /* Resources */,
				E087F5F79B8125E45A129A6D /* [CP] Embed Pods Frameworks */,
				23917128BCDC7F789752D3BF /* [CP] Copy Pods Resources */,
			);
			buildRules = (
			);
			dependencies = (
				65A3C85E1D43D05100E3DB78 /* PBXTargetDependency */,
			);
			name = KingOfTheHillTests;
			productName = KingOfTheHillTests;
			productReference = 65A3C85C1D43D05100E3DB78 /* KingOfTheHillTests.xctest */;
			productType = "com.apple.product-type.bundle.unit-test";
		};
		65A3C8661D43D05100E3DB78 /* KingOfTheHillUITests */ = {
			isa = PBXNativeTarget;
			buildConfigurationList = 65A3C8761D43D05100E3DB78 /* Build configuration list for PBXNativeTarget "KingOfTheHillUITests" */;
			buildPhases = (
				BFF40DA5CDFD8CC7A4686C72 /* [CP] Check Pods Manifest.lock */,
				65A3C8631D43D05100E3DB78 /* Sources */,
				65A3C8641D43D05100E3DB78 /* Frameworks */,
				65A3C8651D43D05100E3DB78 /* Resources */,
				FD3B0BADCD4D0B4DBCCE6EE2 /* [CP] Embed Pods Frameworks */,
				E63A2E92BC3F6E7E7FD15775 /* [CP] Copy Pods Resources */,
			);
			buildRules = (
			);
			dependencies = (
				65A3C8691D43D05100E3DB78 /* PBXTargetDependency */,
			);
			name = KingOfTheHillUITests;
			productName = KingOfTheHillUITests;
			productReference = 65A3C8671D43D05100E3DB78 /* KingOfTheHillUITests.xctest */;
			productType = "com.apple.product-type.bundle.ui-testing";
		};
/* End PBXNativeTarget section */

/* Begin PBXProject section */
		65A3C8401D43D05100E3DB78 /* Project object */ = {
			isa = PBXProject;
			attributes = {
				LastSwiftUpdateCheck = 0800;
				LastUpgradeCheck = 0800;
				ORGANIZATIONNAME = "Daniel Richards";
				TargetAttributes = {
					65A3C8471D43D05100E3DB78 = {
						CreatedOnToolsVersion = 8.0;
						DevelopmentTeam = 94R496AK9Q;
						DevelopmentTeamName = "Jonathan Richards";
						ProvisioningStyle = Automatic;
					};
					65A3C85B1D43D05100E3DB78 = {
						CreatedOnToolsVersion = 8.0;
						ProvisioningStyle = Automatic;
						TestTargetID = 65A3C8471D43D05100E3DB78;
					};
					65A3C8661D43D05100E3DB78 = {
						CreatedOnToolsVersion = 8.0;
						ProvisioningStyle = Automatic;
						TestTargetID = 65A3C8471D43D05100E3DB78;
					};
				};
			};
			buildConfigurationList = 65A3C8431D43D05100E3DB78 /* Build configuration list for PBXProject "KingOfTheHill" */;
			compatibilityVersion = "Xcode 3.2";
			developmentRegion = English;
			hasScannedForEncodings = 0;
			knownRegions = (
				en,
				Base,
			);
			mainGroup = 65A3C83F1D43D05100E3DB78;
			productRefGroup = 65A3C8491D43D05100E3DB78 /* Products */;
			projectDirPath = "";
			projectRoot = "";
			targets = (
				65A3C8471D43D05100E3DB78 /* KingOfTheHill */,
				65A3C85B1D43D05100E3DB78 /* KingOfTheHillTests */,
				65A3C8661D43D05100E3DB78 /* KingOfTheHillUITests */,
			);
		};
/* End PBXProject section */

/* Begin PBXResourcesBuildPhase section */
		65A3C8461D43D05100E3DB78 /* Resources */ = {
			isa = PBXResourcesBuildPhase;
			buildActionMask = 2147483647;
			files = (
				65A3C8561D43D05100E3DB78 /* LaunchScreen.storyboard in Resources */,
				346DC7281D43E7E2000B28F8 /* GoogleService-Info.plist in Resources */,
				65A3C8531D43D05100E3DB78 /* Assets.xcassets in Resources */,
				65A3C8511D43D05100E3DB78 /* Main.storyboard in Resources */,
			);
			runOnlyForDeploymentPostprocessing = 0;
		};
		65A3C85A1D43D05100E3DB78 /* Resources */ = {
			isa = PBXResourcesBuildPhase;
			buildActionMask = 2147483647;
			files = (
			);
			runOnlyForDeploymentPostprocessing = 0;
		};
		65A3C8651D43D05100E3DB78 /* Resources */ = {
			isa = PBXResourcesBuildPhase;
			buildActionMask = 2147483647;
			files = (
			);
			runOnlyForDeploymentPostprocessing = 0;
		};
/* End PBXResourcesBuildPhase section */

/* Begin PBXShellScriptBuildPhase section */
		19DDA19265C89DD1552A1A35 /* [CP] Check Pods Manifest.lock */ = {
			isa = PBXShellScriptBuildPhase;
			buildActionMask = 2147483647;
			files = (
			);
			inputPaths = (
			);
			name = "[CP] Check Pods Manifest.lock";
			outputPaths = (
			);
			runOnlyForDeploymentPostprocessing = 0;
			shellPath = /bin/sh;
			shellScript = "diff \"${PODS_ROOT}/../Podfile.lock\" \"${PODS_ROOT}/Manifest.lock\" > /dev/null\nif [ $? != 0 ] ; then\n    # print error to STDERR\n    echo \"error: The sandbox is not in sync with the Podfile.lock. Run 'pod install' or update your CocoaPods installation.\" >&2\n    exit 1\nfi\n";
			showEnvVarsInLog = 0;
		};
		23917128BCDC7F789752D3BF /* [CP] Copy Pods Resources */ = {
			isa = PBXShellScriptBuildPhase;
			buildActionMask = 2147483647;
			files = (
			);
			inputPaths = (
			);
			name = "[CP] Copy Pods Resources";
			outputPaths = (
			);
			runOnlyForDeploymentPostprocessing = 0;
			shellPath = /bin/sh;
			shellScript = "\"${SRCROOT}/Pods/Target Support Files/Pods-KingOfTheHillTests/Pods-KingOfTheHillTests-resources.sh\"\n";
			showEnvVarsInLog = 0;
		};
		84F5DB1D296ED54F2217D5CB /* [CP] Check Pods Manifest.lock */ = {
			isa = PBXShellScriptBuildPhase;
			buildActionMask = 2147483647;
			files = (
			);
			inputPaths = (
			);
			name = "[CP] Check Pods Manifest.lock";
			outputPaths = (
			);
			runOnlyForDeploymentPostprocessing = 0;
			shellPath = /bin/sh;
			shellScript = "diff \"${PODS_ROOT}/../Podfile.lock\" \"${PODS_ROOT}/Manifest.lock\" > /dev/null\nif [ $? != 0 ] ; then\n    # print error to STDERR\n    echo \"error: The sandbox is not in sync with the Podfile.lock. Run 'pod install' or update your CocoaPods installation.\" >&2\n    exit 1\nfi\n";
			showEnvVarsInLog = 0;
		};
		BFF40DA5CDFD8CC7A4686C72 /* [CP] Check Pods Manifest.lock */ = {
			isa = PBXShellScriptBuildPhase;
			buildActionMask = 2147483647;
			files = (
			);
			inputPaths = (
			);
			name = "[CP] Check Pods Manifest.lock";
			outputPaths = (
			);
			runOnlyForDeploymentPostprocessing = 0;
			shellPath = /bin/sh;
			shellScript = "diff \"${PODS_ROOT}/../Podfile.lock\" \"${PODS_ROOT}/Manifest.lock\" > /dev/null\nif [ $? != 0 ] ; then\n    # print error to STDERR\n    echo \"error: The sandbox is not in sync with the Podfile.lock. Run 'pod install' or update your CocoaPods installation.\" >&2\n    exit 1\nfi\n";
			showEnvVarsInLog = 0;
		};
		CFA5B02950B71CD815D73AE7 /* [CP] Copy Pods Resources */ = {
			isa = PBXShellScriptBuildPhase;
			buildActionMask = 2147483647;
			files = (
			);
			inputPaths = (
			);
			name = "[CP] Copy Pods Resources";
			outputPaths = (
			);
			runOnlyForDeploymentPostprocessing = 0;
			shellPath = /bin/sh;
			shellScript = "\"${SRCROOT}/Pods/Target Support Files/Pods-KingOfTheHill/Pods-KingOfTheHill-resources.sh\"\n";
			showEnvVarsInLog = 0;
		};
		D6A577EF28BFB5BAFC269182 /* [CP] Embed Pods Frameworks */ = {
			isa = PBXShellScriptBuildPhase;
			buildActionMask = 2147483647;
			files = (
			);
			inputPaths = (
			);
			name = "[CP] Embed Pods Frameworks";
			outputPaths = (
			);
			runOnlyForDeploymentPostprocessing = 0;
			shellPath = /bin/sh;
			shellScript = "\"${SRCROOT}/Pods/Target Support Files/Pods-KingOfTheHill/Pods-KingOfTheHill-frameworks.sh\"\n";
			showEnvVarsInLog = 0;
		};
		E087F5F79B8125E45A129A6D /* [CP] Embed Pods Frameworks */ = {
			isa = PBXShellScriptBuildPhase;
			buildActionMask = 2147483647;
			files = (
			);
			inputPaths = (
			);
			name = "[CP] Embed Pods Frameworks";
			outputPaths = (
			);
			runOnlyForDeploymentPostprocessing = 0;
			shellPath = /bin/sh;
			shellScript = "\"${SRCROOT}/Pods/Target Support Files/Pods-KingOfTheHillTests/Pods-KingOfTheHillTests-frameworks.sh\"\n";
			showEnvVarsInLog = 0;
		};
		E63A2E92BC3F6E7E7FD15775 /* [CP] Copy Pods Resources */ = {
			isa = PBXShellScriptBuildPhase;
			buildActionMask = 2147483647;
			files = (
			);
			inputPaths = (
			);
			name = "[CP] Copy Pods Resources";
			outputPaths = (
			);
			runOnlyForDeploymentPostprocessing = 0;
			shellPath = /bin/sh;
			shellScript = "\"${SRCROOT}/Pods/Target Support Files/Pods-KingOfTheHillUITests/Pods-KingOfTheHillUITests-resources.sh\"\n";
			showEnvVarsInLog = 0;
		};
		FD3B0BADCD4D0B4DBCCE6EE2 /* [CP] Embed Pods Frameworks */ = {
			isa = PBXShellScriptBuildPhase;
			buildActionMask = 2147483647;
			files = (
			);
			inputPaths = (
			);
			name = "[CP] Embed Pods Frameworks";
			outputPaths = (
			);
			runOnlyForDeploymentPostprocessing = 0;
			shellPath = /bin/sh;
			shellScript = "\"${SRCROOT}/Pods/Target Support Files/Pods-KingOfTheHillUITests/Pods-KingOfTheHillUITests-frameworks.sh\"\n";
			showEnvVarsInLog = 0;
		};
/* End PBXShellScriptBuildPhase section */

/* Begin PBXSourcesBuildPhase section */
		65A3C8441D43D05100E3DB78 /* Sources */ = {
			isa = PBXSourcesBuildPhase;
			buildActionMask = 2147483647;
			files = (
				65C90C621D43F748007D6B73 /* SideNavigationViewController.swift in Sources */,
				65C90C641D43F895007D6B73 /* menuTableTableViewController.swift in Sources */,
				65C90C601D43F46D007D6B73 /* ENSideMenuNavigationController.swift in Sources */,
				65C90C5F1D43F46D007D6B73 /* ENSideMenu.swift in Sources */,
				65C90C661D4402D1007D6B73 /* SecondViewController.swift in Sources */,
				65A3C84E1D43D05100E3DB78 /* ViewController.swift in Sources */,
				65C90C681D440C57007D6B73 /* ThirdViewController.swift in Sources */,
				65A3C84C1D43D05100E3DB78 /* AppDelegate.swift in Sources */,
			);
			runOnlyForDeploymentPostprocessing = 0;
		};
		65A3C8581D43D05100E3DB78 /* Sources */ = {
			isa = PBXSourcesBuildPhase;
			buildActionMask = 2147483647;
			files = (
				65A3C8611D43D05100E3DB78 /* KingOfTheHillTests.swift in Sources */,
			);
			runOnlyForDeploymentPostprocessing = 0;
		};
		65A3C8631D43D05100E3DB78 /* Sources */ = {
			isa = PBXSourcesBuildPhase;
			buildActionMask = 2147483647;
			files = (
				65A3C86C1D43D05100E3DB78 /* KingOfTheHillUITests.swift in Sources */,
			);
			runOnlyForDeploymentPostprocessing = 0;
		};
/* End PBXSourcesBuildPhase section */

/* Begin PBXTargetDependency section */
		65A3C85E1D43D05100E3DB78 /* PBXTargetDependency */ = {
			isa = PBXTargetDependency;
			target = 65A3C8471D43D05100E3DB78 /* KingOfTheHill */;
			targetProxy = 65A3C85D1D43D05100E3DB78 /* PBXContainerItemProxy */;
		};
		65A3C8691D43D05100E3DB78 /* PBXTargetDependency */ = {
			isa = PBXTargetDependency;
			target = 65A3C8471D43D05100E3DB78 /* KingOfTheHill */;
			targetProxy = 65A3C8681D43D05100E3DB78 /* PBXContainerItemProxy */;
		};
/* End PBXTargetDependency section */

/* Begin PBXVariantGroup section */
		65A3C84F1D43D05100E3DB78 /* Main.storyboard */ = {
			isa = PBXVariantGroup;
			children = (
				65A3C8501D43D05100E3DB78 /* Base */,
			);
			name = Main.storyboard;
			sourceTree = "<group>";
		};
		65A3C8541D43D05100E3DB78 /* LaunchScreen.storyboard */ = {
			isa = PBXVariantGroup;
			children = (
				65A3C8551D43D05100E3DB78 /* Base */,
			);
			name = LaunchScreen.storyboard;
			sourceTree = "<group>";
		};
/* End PBXVariantGroup section */

/* Begin XCBuildConfiguration section */
		65A3C86E1D43D05100E3DB78 /* Debug */ = {
			isa = XCBuildConfiguration;
			buildSettings = {
				ALWAYS_SEARCH_USER_PATHS = NO;
				CLANG_ANALYZER_NONNULL = YES;
				CLANG_CXX_LANGUAGE_STANDARD = "gnu++0x";
				CLANG_CXX_LIBRARY = "libc++";
				CLANG_ENABLE_MODULES = YES;
				CLANG_ENABLE_OBJC_ARC = YES;
				CLANG_WARN_BOOL_CONVERSION = YES;
				CLANG_WARN_CONSTANT_CONVERSION = YES;
				CLANG_WARN_DIRECT_OBJC_ISA_USAGE = YES_ERROR;
				CLANG_WARN_DOCUMENTATION_COMMENTS = YES;
				CLANG_WARN_EMPTY_BODY = YES;
				CLANG_WARN_ENUM_CONVERSION = YES;
				CLANG_WARN_INT_CONVERSION = YES;
				CLANG_WARN_OBJC_ROOT_CLASS = YES_ERROR;
				CLANG_WARN_UNREACHABLE_CODE = YES;
				CLANG_WARN__DUPLICATE_METHOD_MATCH = YES;
				"CODE_SIGN_IDENTITY[sdk=iphoneos*]" = "iPhone Developer";
				COPY_PHASE_STRIP = NO;
				DEBUG_INFORMATION_FORMAT = dwarf;
				ENABLE_STRICT_OBJC_MSGSEND = YES;
				ENABLE_TESTABILITY = YES;
				GCC_C_LANGUAGE_STANDARD = gnu99;
				GCC_DYNAMIC_NO_PIC = NO;
				GCC_NO_COMMON_BLOCKS = YES;
				GCC_OPTIMIZATION_LEVEL = 0;
				GCC_PREPROCESSOR_DEFINITIONS = (
					"DEBUG=1",
					"$(inherited)",
				);
				GCC_WARN_64_TO_32_BIT_CONVERSION = YES;
				GCC_WARN_ABOUT_RETURN_TYPE = YES_ERROR;
				GCC_WARN_UNDECLARED_SELECTOR = YES;
				GCC_WARN_UNINITIALIZED_AUTOS = YES_AGGRESSIVE;
				GCC_WARN_UNUSED_FUNCTION = YES;
				GCC_WARN_UNUSED_VARIABLE = YES;
				IPHONEOS_DEPLOYMENT_TARGET = 10.0;
				MTL_ENABLE_DEBUG_INFO = YES;
				ONLY_ACTIVE_ARCH = YES;
				SDKROOT = iphoneos;
				SWIFT_ACTIVE_COMPILATION_CONDITIONS = DEBUG;
				SWIFT_OPTIMIZATION_LEVEL = "-Onone";
			};
			name = Debug;
		};
		65A3C86F1D43D05100E3DB78 /* Release */ = {
			isa = XCBuildConfiguration;
			buildSettings = {
				ALWAYS_SEARCH_USER_PATHS = NO;
				CLANG_ANALYZER_NONNULL = YES;
				CLANG_CXX_LANGUAGE_STANDARD = "gnu++0x";
				CLANG_CXX_LIBRARY = "libc++";
				CLANG_ENABLE_MODULES = YES;
				CLANG_ENABLE_OBJC_ARC = YES;
				CLANG_WARN_BOOL_CONVERSION = YES;
				CLANG_WARN_CONSTANT_CONVERSION = YES;
				CLANG_WARN_DIRECT_OBJC_ISA_USAGE = YES_ERROR;
				CLANG_WARN_DOCUMENTATION_COMMENTS = YES;
				CLANG_WARN_EMPTY_BODY = YES;
				CLANG_WARN_ENUM_CONVERSION = YES;
				CLANG_WARN_INT_CONVERSION = YES;
				CLANG_WARN_OBJC_ROOT_CLASS = YES_ERROR;
				CLANG_WARN_UNREACHABLE_CODE = YES;
				CLANG_WARN__DUPLICATE_METHOD_MATCH = YES;
				"CODE_SIGN_IDENTITY[sdk=iphoneos*]" = "iPhone Developer";
				COPY_PHASE_STRIP = NO;
				DEBUG_INFORMATION_FORMAT = "dwarf-with-dsym";
				ENABLE_NS_ASSERTIONS = NO;
				ENABLE_STRICT_OBJC_MSGSEND = YES;
				GCC_C_LANGUAGE_STANDARD = gnu99;
				GCC_NO_COMMON_BLOCKS = YES;
				GCC_WARN_64_TO_32_BIT_CONVERSION = YES;
				GCC_WARN_ABOUT_RETURN_TYPE = YES_ERROR;
				GCC_WARN_UNDECLARED_SELECTOR = YES;
				GCC_WARN_UNINITIALIZED_AUTOS = YES_AGGRESSIVE;
				GCC_WARN_UNUSED_FUNCTION = YES;
				GCC_WARN_UNUSED_VARIABLE = YES;
				IPHONEOS_DEPLOYMENT_TARGET = 10.0;
				MTL_ENABLE_DEBUG_INFO = NO;
				SDKROOT = iphoneos;
				SWIFT_OPTIMIZATION_LEVEL = "-Owholemodule";
				VALIDATE_PRODUCT = YES;
			};
			name = Release;
		};
		65A3C8711D43D05100E3DB78 /* Debug */ = {
			isa = XCBuildConfiguration;
			baseConfigurationReference = 22575ACDFE02C7CC6089608F /* Pods-KingOfTheHill.debug.xcconfig */;
			buildSettings = {
				ASSETCATALOG_COMPILER_APPICON_NAME = AppIcon;
				INFOPLIST_FILE = KingOfTheHill/Info.plist;
				IPHONEOS_DEPLOYMENT_TARGET = 9.3;
				LD_RUNPATH_SEARCH_PATHS = "$(inherited) @executable_path/Frameworks";
				PRODUCT_BUNDLE_IDENTIFIER = MoversandShakers.mobi.KingOfTheHill;
				PRODUCT_NAME = "$(TARGET_NAME)";
				SWIFT_VERSION = 3.0;
			};
			name = Debug;
		};
		65A3C8721D43D05100E3DB78 /* Release */ = {
			isa = XCBuildConfiguration;
			baseConfigurationReference = 71B40B824757693C34B20735 /* Pods-KingOfTheHill.release.xcconfig */;
			buildSettings = {
				ASSETCATALOG_COMPILER_APPICON_NAME = AppIcon;
				INFOPLIST_FILE = KingOfTheHill/Info.plist;
				IPHONEOS_DEPLOYMENT_TARGET = 9.3;
				LD_RUNPATH_SEARCH_PATHS = "$(inherited) @executable_path/Frameworks";
				PRODUCT_BUNDLE_IDENTIFIER = MoversandShakers.mobi.KingOfTheHill;
				PRODUCT_NAME = "$(TARGET_NAME)";
				SWIFT_VERSION = 3.0;
			};
			name = Release;
		};
		65A3C8741D43D05100E3DB78 /* Debug */ = {
			isa = XCBuildConfiguration;
			baseConfigurationReference = CAB80DC5CC8D961A2B4C7447 /* Pods-KingOfTheHillTests.debug.xcconfig */;
			buildSettings = {
				BUNDLE_LOADER = "$(TEST_HOST)";
				INFOPLIST_FILE = KingOfTheHillTests/Info.plist;
				LD_RUNPATH_SEARCH_PATHS = "$(inherited) @executable_path/Frameworks @loader_path/Frameworks";
				PRODUCT_BUNDLE_IDENTIFIER = MoversandShakers.mobi.KingOfTheHillTests;
				PRODUCT_NAME = "$(TARGET_NAME)";
				SWIFT_VERSION = 3.0;
				TEST_HOST = "$(BUILT_PRODUCTS_DIR)/KingOfTheHill.app/KingOfTheHill";
			};
			name = Debug;
		};
		65A3C8751D43D05100E3DB78 /* Release */ = {
			isa = XCBuildConfiguration;
			baseConfigurationReference = BAA662CB404C006D09597BED /* Pods-KingOfTheHillTests.release.xcconfig */;
			buildSettings = {
				BUNDLE_LOADER = "$(TEST_HOST)";
				INFOPLIST_FILE = KingOfTheHillTests/Info.plist;
				LD_RUNPATH_SEARCH_PATHS = "$(inherited) @executable_path/Frameworks @loader_path/Frameworks";
				PRODUCT_BUNDLE_IDENTIFIER = MoversandShakers.mobi.KingOfTheHillTests;
				PRODUCT_NAME = "$(TARGET_NAME)";
				SWIFT_VERSION = 3.0;
				TEST_HOST = "$(BUILT_PRODUCTS_DIR)/KingOfTheHill.app/KingOfTheHill";
			};
			name = Release;
		};
		65A3C8771D43D05100E3DB78 /* Debug */ = {
			isa = XCBuildConfiguration;
			baseConfigurationReference = EE843FDEA4BE243C9F0AE8E6 /* Pods-KingOfTheHillUITests.debug.xcconfig */;
			buildSettings = {
				INFOPLIST_FILE = KingOfTheHillUITests/Info.plist;
				LD_RUNPATH_SEARCH_PATHS = "$(inherited) @executable_path/Frameworks @loader_path/Frameworks";
				PRODUCT_BUNDLE_IDENTIFIER = MoversandShakers.mobi.KingOfTheHillUITests;
				PRODUCT_NAME = "$(TARGET_NAME)";
				SWIFT_VERSION = 3.0;
				TEST_TARGET_NAME = KingOfTheHill;
			};
			name = Debug;
		};
		65A3C8781D43D05100E3DB78 /* Release */ = {
			isa = XCBuildConfiguration;
			baseConfigurationReference = BEA3D77D01AE52B79BDE857C /* Pods-KingOfTheHillUITests.release.xcconfig */;
			buildSettings = {
				INFOPLIST_FILE = KingOfTheHillUITests/Info.plist;
				LD_RUNPATH_SEARCH_PATHS = "$(inherited) @executable_path/Frameworks @loader_path/Frameworks";
				PRODUCT_BUNDLE_IDENTIFIER = MoversandShakers.mobi.KingOfTheHillUITests;
				PRODUCT_NAME = "$(TARGET_NAME)";
				SWIFT_VERSION = 3.0;
				TEST_TARGET_NAME = KingOfTheHill;
			};
			name = Release;
		};
/* End XCBuildConfiguration section */

/* Begin XCConfigurationList section */
		65A3C8431D43D05100E3DB78 /* Build configuration list for PBXProject "KingOfTheHill" */ = {
			isa = XCConfigurationList;
			buildConfigurations = (
				65A3C86E1D43D05100E3DB78 /* Debug */,
				65A3C86F1D43D05100E3DB78 /* Release */,
			);
			defaultConfigurationIsVisible = 0;
			defaultConfigurationName = Release;
		};
		65A3C8701D43D05100E3DB78 /* Build configuration list for PBXNativeTarget "KingOfTheHill" */ = {
			isa = XCConfigurationList;
			buildConfigurations = (
				65A3C8711D43D05100E3DB78 /* Debug */,
				65A3C8721D43D05100E3DB78 /* Release */,
			);
			defaultConfigurationIsVisible = 0;
			defaultConfigurationName = Release;
		};
		65A3C8731D43D05100E3DB78 /* Build configuration list for PBXNativeTarget "KingOfTheHillTests" */ = {
			isa = XCConfigurationList;
			buildConfigurations = (
				65A3C8741D43D05100E3DB78 /* Debug */,
				65A3C8751D43D05100E3DB78 /* Release */,
			);
			defaultConfigurationIsVisible = 0;
			defaultConfigurationName = Release;
		};
		65A3C8761D43D05100E3DB78 /* Build configuration list for PBXNativeTarget "KingOfTheHillUITests" */ = {
			isa = XCConfigurationList;
			buildConfigurations = (
				65A3C8771D43D05100E3DB78 /* Debug */,
				65A3C8781D43D05100E3DB78 /* Release */,
			);
			defaultConfigurationIsVisible = 0;
			defaultConfigurationName = Release;
		};
/* End XCConfigurationList section */
	};
	rootObject = 65A3C8401D43D05100E3DB78 /* Project object */;
}
